// !$*UTF8*$!
{
	archiveVersion = 1;
	classes = {
	};
	objectVersion = 56;
	objects = {

/* Begin PBXBuildFile section */
		F85ACB292B88616000FF3C82 /* Emoji_AppApp.swift in Sources */ = {isa = PBXBuildFile; fileRef = F85ACB282B88616000FF3C82 /* Emoji_AppApp.swift */; };
		F85ACB2B2B88616000FF3C82 /* ContentView.swift in Sources */ = {isa = PBXBuildFile; fileRef = F85ACB2A2B88616000FF3C82 /* ContentView.swift */; };
		F85ACB2D2B88616200FF3C82 /* Assets.xcassets in Resources */ = {isa = PBXBuildFile; fileRef = F85ACB2C2B88616200FF3C82 /* Assets.xcassets */; };
		F85ACB312B88616200FF3C82 /* Preview Assets.xcassets in Resources */ = {isa = PBXBuildFile; fileRef = F85ACB302B88616200FF3C82 /* Preview Assets.xcassets */; };
		F85ACB3B2B88616200FF3C82 /* Emoji_AppTests.swift in Sources */ = {isa = PBXBuildFile; fileRef = F85ACB3A2B88616200FF3C82 /* Emoji_AppTests.swift */; };
		F85ACB452B88616200FF3C82 /* Emoji_AppUITests.swift in Sources */ = {isa = PBXBuildFile; fileRef = F85ACB442B88616200FF3C82 /* Emoji_AppUITests.swift */; };
		F85ACB472B88616200FF3C82 /* Emoji_AppUITestsLaunchTests.swift in Sources */ = {isa = PBXBuildFile; fileRef = F85ACB462B88616200FF3C82 /* Emoji_AppUITestsLaunchTests.swift */; };
/* End PBXBuildFile section */

/* Begin PBXContainerItemProxy section */
		F85ACB372B88616200FF3C82 /* PBXContainerItemProxy */ = {
			isa = PBXContainerItemProxy;
			containerPortal = F85ACB1D2B88616000FF3C82 /* Project object */;
			proxyType = 1;
			remoteGlobalIDString = F85ACB242B88616000FF3C82;
			remoteInfo = "Emoji App";
		};
		F85ACB412B88616200FF3C82 /* PBXContainerItemProxy */ = {
			isa = PBXContainerItemProxy;
			containerPortal = F85ACB1D2B88616000FF3C82 /* Project object */;
			proxyType = 1;
			remoteGlobalIDString = F85ACB242B88616000FF3C82;
			remoteInfo = "Emoji App";
		};
/* End PBXContainerItemProxy section */

/* Begin PBXFileReference section */
		F85ACB252B88616000FF3C82 /* Emoji App.app */ = {isa = PBXFileReference; explicitFileType = wrapper.application; includeInIndex = 0; path = "Emoji App.app"; sourceTree = BUILT_PRODUCTS_DIR; };
		F85ACB282B88616000FF3C82 /* Emoji_AppApp.swift */ = {isa = PBXFileReference; lastKnownFileType = sourcecode.swift; path = Emoji_AppApp.swift; sourceTree = "<group>"; };
		F85ACB2A2B88616000FF3C82 /* ContentView.swift */ = {isa = PBXFileReference; lastKnownFileType = sourcecode.swift; path = ContentView.swift; sourceTree = "<group>"; };
		F85ACB2C2B88616200FF3C82 /* Assets.xcassets */ = {isa = PBXFileReference; lastKnownFileType = folder.assetcatalog; path = Assets.xcassets; sourceTree = "<group>"; };
		F85ACB2E2B88616200FF3C82 /* Emoji_App.entitlements */ = {isa = PBXFileReference; lastKnownFileType = text.plist.entitlements; path = Emoji_App.entitlements; sourceTree = "<group>"; };
		F85ACB302B88616200FF3C82 /* Preview Assets.xcassets */ = {isa = PBXFileReference; lastKnownFileType = folder.assetcatalog; path = "Preview Assets.xcassets"; sourceTree = "<group>"; };
		F85ACB362B88616200FF3C82 /* Emoji AppTests.xctest */ = {isa = PBXFileReference; explicitFileType = wrapper.cfbundle; includeInIndex = 0; path = "Emoji AppTests.xctest"; sourceTree = BUILT_PRODUCTS_DIR; };
		F85ACB3A2B88616200FF3C82 /* Emoji_AppTests.swift */ = {isa = PBXFileReference; lastKnownFileType = sourcecode.swift; path = Emoji_AppTests.swift; sourceTree = "<group>"; };
		F85ACB402B88616200FF3C82 /* Emoji AppUITests.xctest */ = {isa = PBXFileReference; explicitFileType = wrapper.cfbundle; includeInIndex = 0; path = "Emoji AppUITests.xctest"; sourceTree = BUILT_PRODUCTS_DIR; };
		F85ACB442B88616200FF3C82 /* Emoji_AppUITests.swift */ = {isa = PBXFileReference; lastKnownFileType = sourcecode.swift; path = Emoji_AppUITests.swift; sourceTree = "<group>"; };
		F85ACB462B88616200FF3C82 /* Emoji_AppUITestsLaunchTests.swift */ = {isa = PBXFileReference; lastKnownFileType = sourcecode.swift; path = Emoji_AppUITestsLaunchTests.swift; sourceTree = "<group>"; };
/* End PBXFileReference section */

/* Begin PBXFrameworksBuildPhase section */
		F85ACB222B88616000FF3C82 /* Frameworks */ = {
			isa = PBXFrameworksBuildPhase;
			buildActionMask = 2147483647;
			files = (
			);
			runOnlyForDeploymentPostprocessing = 0;
		};
		F85ACB332B88616200FF3C82 /* Frameworks */ = {
			isa = PBXFrameworksBuildPhase;
			buildActionMask = 2147483647;
			files = (
			);
			runOnlyForDeploymentPostprocessing = 0;
		};
		F85ACB3D2B88616200FF3C82 /* Frameworks */ = {
			isa = PBXFrameworksBuildPhase;
			buildActionMask = 2147483647;
			files = (
			);
			runOnlyForDeploymentPostprocessing = 0;
		};
/* End PBXFrameworksBuildPhase section */

/* Begin PBXGroup section */
		F85ACB1C2B88616000FF3C82 = {
			isa = PBXGroup;
			children = (
				F85ACB272B88616000FF3C82 /* Emoji App */,
				F85ACB392B88616200FF3C82 /* Emoji AppTests */,
				F85ACB432B88616200FF3C82 /* Emoji AppUITests */,
				F85ACB262B88616000FF3C82 /* Products */,
			);
			sourceTree = "<group>";
		};
		F85ACB262B88616000FF3C82 /* Products */ = {
			isa = PBXGroup;
			children = (
				F85ACB252B88616000FF3C82 /* Emoji App.app */,
				F85ACB362B88616200FF3C82 /* Emoji AppTests.xctest */,
				F85ACB402B88616200FF3C82 /* Emoji AppUITests.xctest */,
			);
			name = Products;
			sourceTree = "<group>";
		};
		F85ACB272B88616000FF3C82 /* Emoji App */ = {
			isa = PBXGroup;
			children = (
				F85ACB282B88616000FF3C82 /* Emoji_AppApp.swift */,
				F85ACB2A2B88616000FF3C82 /* ContentView.swift */,
				F85ACB2C2B88616200FF3C82 /* Assets.xcassets */,
				F85ACB2E2B88616200FF3C82 /* Emoji_App.entitlements */,
				F85ACB2F2B88616200FF3C82 /* Preview Content */,
			);
			path = "Emoji App";
			sourceTree = "<group>";
		};
		F85ACB2F2B88616200FF3C82 /* Preview Content */ = {
			isa = PBXGroup;
			children = (
				F85ACB302B88616200FF3C82 /* Preview Assets.xcassets */,
			);
			path = "Preview Content";
			sourceTree = "<group>";
		};
		F85ACB392B88616200FF3C82 /* Emoji AppTests */ = {
			isa = PBXGroup;
			children = (
				F85ACB3A2B88616200FF3C82 /* Emoji_AppTests.swift */,
			);
			path = "Emoji AppTests";
			sourceTree = "<group>";
		};
		F85ACB432B88616200FF3C82 /* Emoji AppUITests */ = {
			isa = PBXGroup;
			children = (
				F85ACB442B88616200FF3C82 /* Emoji_AppUITests.swift */,
				F85ACB462B88616200FF3C82 /* Emoji_AppUITestsLaunchTests.swift */,
			);
			path = "Emoji AppUITests";
			sourceTree = "<group>";
		};
/* End PBXGroup section */

/* Begin PBXNativeTarget section */
		F85ACB242B88616000FF3C82 /* Emoji App */ = {
			isa = PBXNativeTarget;
			buildConfigurationList = F85ACB4A2B88616200FF3C82 /* Build configuration list for PBXNativeTarget "Emoji App" */;
			buildPhases = (
				F85ACB212B88616000FF3C82 /* Sources */,
				F85ACB222B88616000FF3C82 /* Frameworks */,
				F85ACB232B88616000FF3C82 /* Resources */,
			);
			buildRules = (
			);
			dependencies = (
			);
			name = "Emoji App";
			productName = "Emoji App";
			productReference = F85ACB252B88616000FF3C82 /* Emoji App.app */;
			productType = "com.apple.product-type.application";
		};
		F85ACB352B88616200FF3C82 /* Emoji AppTests */ = {
			isa = PBXNativeTarget;
			buildConfigurationList = F85ACB4D2B88616200FF3C82 /* Build configuration list for PBXNativeTarget "Emoji AppTests" */;
			buildPhases = (
				F85ACB322B88616200FF3C82 /* Sources */,
				F85ACB332B88616200FF3C82 /* Frameworks */,
				F85ACB342B88616200FF3C82 /* Resources */,
			);
			buildRules = (
			);
			dependencies = (
				F85ACB382B88616200FF3C82 /* PBXTargetDependency */,
			);
			name = "Emoji AppTests";
			productName = "Emoji AppTests";
			productReference = F85ACB362B88616200FF3C82 /* Emoji AppTests.xctest */;
			productType = "com.apple.product-type.bundle.unit-test";
		};
		F85ACB3F2B88616200FF3C82 /* Emoji AppUITests */ = {
			isa = PBXNativeTarget;
			buildConfigurationList = F85ACB502B88616200FF3C82 /* Build configuration list for PBXNativeTarget "Emoji AppUITests" */;
			buildPhases = (
				F85ACB3C2B88616200FF3C82 /* Sources */,
				F85ACB3D2B88616200FF3C82 /* Frameworks */,
				F85ACB3E2B88616200FF3C82 /* Resources */,
			);
			buildRules = (
			);
			dependencies = (
				F85ACB422B88616200FF3C82 /* PBXTargetDependency */,
			);
			name = "Emoji AppUITests";
			productName = "Emoji AppUITests";
			productReference = F85ACB402B88616200FF3C82 /* Emoji AppUITests.xctest */;
			productType = "com.apple.product-type.bundle.ui-testing";
		};
/* End PBXNativeTarget section */

/* Begin PBXProject section */
		F85ACB1D2B88616000FF3C82 /* Project object */ = {
			isa = PBXProject;
			attributes = {
				BuildIndependentTargetsInParallel = 1;
				LastSwiftUpdateCheck = 1520;
				LastUpgradeCheck = 1520;
				TargetAttributes = {
					F85ACB242B88616000FF3C82 = {
						CreatedOnToolsVersion = 15.2;
					};
					F85ACB352B88616200FF3C82 = {
						CreatedOnToolsVersion = 15.2;
						TestTargetID = F85ACB242B88616000FF3C82;
					};
					F85ACB3F2B88616200FF3C82 = {
						CreatedOnToolsVersion = 15.2;
						TestTargetID = F85ACB242B88616000FF3C82;
					};
				};
			};
			buildConfigurationList = F85ACB202B88616000FF3C82 /* Build configuration list for PBXProject "Emoji App" */;
			compatibilityVersion = "Xcode 14.0";
			developmentRegion = en;
			hasScannedForEncodings = 0;
			knownRegions = (
				en,
				Base,
			);
			mainGroup = F85ACB1C2B88616000FF3C82;
			productRefGroup = F85ACB262B88616000FF3C82 /* Products */;
			projectDirPath = "";
			projectRoot = "";
			targets = (
				F85ACB242B88616000FF3C82 /* Emoji App */,
				F85ACB352B88616200FF3C82 /* Emoji AppTests */,
				F85ACB3F2B88616200FF3C82 /* Emoji AppUITests */,
			);
		};
/* End PBXProject section */

/* Begin PBXResourcesBuildPhase section */
		F85ACB232B88616000FF3C82 /* Resources */ = {
			isa = PBXResourcesBuildPhase;
			buildActionMask = 2147483647;
			files = (
				F85ACB312B88616200FF3C82 /* Preview Assets.xcassets in Resources */,
				F85ACB2D2B88616200FF3C82 /* Assets.xcassets in Resources */,
			);
			runOnlyForDeploymentPostprocessing = 0;
		};
		F85ACB342B88616200FF3C82 /* Resources */ = {
			isa = PBXResourcesBuildPhase;
			buildActionMask = 2147483647;
			files = (
			);
			runOnlyForDeploymentPostprocessing = 0;
		};
		F85ACB3E2B88616200FF3C82 /* Resources */ = {
			isa = PBXResourcesBuildPhase;
			buildActionMask = 2147483647;
			files = (
			);
			runOnlyForDeploymentPostprocessing = 0;
		};
/* End PBXResourcesBuildPhase section */

/* Begin PBXSourcesBuildPhase section */
		F85ACB212B88616000FF3C82 /* Sources */ = {
			isa = PBXSourcesBuildPhase;
			buildActionMask = 2147483647;
			files = (
				F85ACB2B2B88616000FF3C82 /* ContentView.swift in Sources */,
				F85ACB292B88616000FF3C82 /* Emoji_AppApp.swift in Sources */,
			);
			runOnlyForDeploymentPostprocessing = 0;
		};
		F85ACB322B88616200FF3C82 /* Sources */ = {
			isa = PBXSourcesBuildPhase;
			buildActionMask = 2147483647;
			files = (
				F85ACB3B2B88616200FF3C82 /* Emoji_AppTests.swift in Sources */,
			);
			runOnlyForDeploymentPostprocessing = 0;
		};
		F85ACB3C2B88616200FF3C82 /* Sources */ = {
			isa = PBXSourcesBuildPhase;
			buildActionMask = 2147483647;
			files = (
				F85ACB452B88616200FF3C82 /* Emoji_AppUITests.swift in Sources */,
				F85ACB472B88616200FF3C82 /* Emoji_AppUITestsLaunchTests.swift in Sources */,
			);
			runOnlyForDeploymentPostprocessing = 0;
		};
/* End PBXSourcesBuildPhase section */

/* Begin PBXTargetDependency section */
		F85ACB382B88616200FF3C82 /* PBXTargetDependency */ = {
			isa = PBXTargetDependency;
			target = F85ACB242B88616000FF3C82 /* Emoji App */;
			targetProxy = F85ACB372B88616200FF3C82 /* PBXContainerItemProxy */;
		};
		F85ACB422B88616200FF3C82 /* PBXTargetDependency */ = {
			isa = PBXTargetDependency;
			target = F85ACB242B88616000FF3C82 /* Emoji App */;
			targetProxy = F85ACB412B88616200FF3C82 /* PBXContainerItemProxy */;
		};
/* End PBXTargetDependency section */

/* Begin XCBuildConfiguration section */
		F85ACB482B88616200FF3C82 /* Debug */ = {
			isa = XCBuildConfiguration;
			buildSettings = {
				ALWAYS_SEARCH_USER_PATHS = NO;
				ASSETCATALOG_COMPILER_GENERATE_SWIFT_ASSET_SYMBOL_EXTENSIONS = YES;
				CLANG_ANALYZER_NONNULL = YES;
				CLANG_ANALYZER_NUMBER_OBJECT_CONVERSION = YES_AGGRESSIVE;
				CLANG_CXX_LANGUAGE_STANDARD = "gnu++20";
				CLANG_ENABLE_MODULES = YES;
				CLANG_ENABLE_OBJC_ARC = YES;
				CLANG_ENABLE_OBJC_WEAK = YES;
				CLANG_WARN_BLOCK_CAPTURE_AUTORELEASING = YES;
				CLANG_WARN_BOOL_CONVERSION = YES;
				CLANG_WARN_COMMA = YES;
				CLANG_WARN_CONSTANT_CONVERSION = YES;
				CLANG_WARN_DEPRECATED_OBJC_IMPLEMENTATIONS = YES;
				CLANG_WARN_DIRECT_OBJC_ISA_USAGE = YES_ERROR;
				CLANG_WARN_DOCUMENTATION_COMMENTS = YES;
				CLANG_WARN_EMPTY_BODY = YES;
				CLANG_WARN_ENUM_CONVERSION = YES;
				CLANG_WARN_INFINITE_RECURSION = YES;
				CLANG_WARN_INT_CONVERSION = YES;
				CLANG_WARN_NON_LITERAL_NULL_CONVERSION = YES;
				CLANG_WARN_OBJC_IMPLICIT_RETAIN_SELF = YES;
				CLANG_WARN_OBJC_LITERAL_CONVERSION = YES;
				CLANG_WARN_OBJC_ROOT_CLASS = YES_ERROR;
				CLANG_WARN_QUOTED_INCLUDE_IN_FRAMEWORK_HEADER = YES;
				CLANG_WARN_RANGE_LOOP_ANALYSIS = YES;
				CLANG_WARN_STRICT_PROTOTYPES = YES;
				CLANG_WARN_SUSPICIOUS_MOVE = YES;
				CLANG_WARN_UNGUARDED_AVAILABILITY = YES_AGGRESSIVE;
				CLANG_WARN_UNREACHABLE_CODE = YES;
				CLANG_WARN__DUPLICATE_METHOD_MATCH = YES;
				COPY_PHASE_STRIP = NO;
				DEBUG_INFORMATION_FORMAT = dwarf;
				ENABLE_STRICT_OBJC_MSGSEND = YES;
				ENABLE_TESTABILITY = YES;
				ENABLE_USER_SCRIPT_SANDBOXING = YES;
				GCC_C_LANGUAGE_STANDARD = gnu17;
				GCC_DYNAMIC_NO_PIC = NO;
				GCC_NO_COMMON_BLOCKS = YES;
				GCC_OPTIMIZATION_LEVEL = 0;
				GCC_PREPROCESSOR_DEFINITIONS = (
					"DEBUG=1",
					"$(inherited)",
				);
				GCC_WARN_64_TO_32_BIT_CONVERSION = YES;
				GCC_WARN_ABOUT_RETURN_TYPE = YES_ERROR;
				GCC_WARN_UNDECLARED_SELECTOR = YES;
				GCC_WARN_UNINITIALIZED_AUTOS = YES_AGGRESSIVE;
				GCC_WARN_UNUSED_FUNCTION = YES;
				GCC_WARN_UNUSED_VARIABLE = YES;
				LOCALIZATION_PREFERS_STRING_CATALOGS = YES;
				MTL_ENABLE_DEBUG_INFO = INCLUDE_SOURCE;
				MTL_FAST_MATH = YES;
				ONLY_ACTIVE_ARCH = YES;
				SWIFT_ACTIVE_COMPILATION_CONDITIONS = "DEBUG $(inherited)";
				SWIFT_OPTIMIZATION_LEVEL = "-Onone";
			};
			name = Debug;
		};
		F85ACB492B88616200FF3C82 /* Release */ = {
			isa = XCBuildConfiguration;
			buildSettings = {
				ALWAYS_SEARCH_USER_PATHS = NO;
				ASSETCATALOG_COMPILER_GENERATE_SWIFT_ASSET_SYMBOL_EXTENSIONS = YES;
				CLANG_ANALYZER_NONNULL = YES;
				CLANG_ANALYZER_NUMBER_OBJECT_CONVERSION = YES_AGGRESSIVE;
				CLANG_CXX_LANGUAGE_STANDARD = "gnu++20";
				CLANG_ENABLE_MODULES = YES;
				CLANG_ENABLE_OBJC_ARC = YES;
				CLANG_ENABLE_OBJC_WEAK = YES;
				CLANG_WARN_BLOCK_CAPTURE_AUTORELEASING = YES;
				CLANG_WARN_BOOL_CONVERSION = YES;
				CLANG_WARN_COMMA = YES;
				CLANG_WARN_CONSTANT_CONVERSION = YES;
				CLANG_WARN_DEPRECATED_OBJC_IMPLEMENTATIONS = YES;
				CLANG_WARN_DIRECT_OBJC_ISA_USAGE = YES_ERROR;
				CLANG_WARN_DOCUMENTATION_COMMENTS = YES;
				CLANG_WARN_EMPTY_BODY = YES;
				CLANG_WARN_ENUM_CONVERSION = YES;
				CLANG_WARN_INFINITE_RECURSION = YES;
				CLANG_WARN_INT_CONVERSION = YES;
				CLANG_WARN_NON_LITERAL_NULL_CONVERSION = YES;
				CLANG_WARN_OBJC_IMPLICIT_RETAIN_SELF = YES;
				CLANG_WARN_OBJC_LITERAL_CONVERSION = YES;
				CLANG_WARN_OBJC_ROOT_CLASS = YES_ERROR;
				CLANG_WARN_QUOTED_INCLUDE_IN_FRAMEWORK_HEADER = YES;
				CLANG_WARN_RANGE_LOOP_ANALYSIS = YES;
				CLANG_WARN_STRICT_PROTOTYPES = YES;
				CLANG_WARN_SUSPICIOUS_MOVE = YES;
				CLANG_WARN_UNGUARDED_AVAILABILITY = YES_AGGRESSIVE;
				CLANG_WARN_UNREACHABLE_CODE = YES;
				CLANG_WARN__DUPLICATE_METHOD_MATCH = YES;
				COPY_PHASE_STRIP = NO;
				DEBUG_INFORMATION_FORMAT = "dwarf-with-dsym";
				ENABLE_NS_ASSERTIONS = NO;
				ENABLE_STRICT_OBJC_MSGSEND = YES;
				ENABLE_USER_SCRIPT_SANDBOXING = YES;
				GCC_C_LANGUAGE_STANDARD = gnu17;
				GCC_NO_COMMON_BLOCKS = YES;
				GCC_WARN_64_TO_32_BIT_CONVERSION = YES;
				GCC_WARN_ABOUT_RETURN_TYPE = YES_ERROR;
				GCC_WARN_UNDECLARED_SELECTOR = YES;
				GCC_WARN_UNINITIALIZED_AUTOS = YES_AGGRESSIVE;
				GCC_WARN_UNUSED_FUNCTION = YES;
				GCC_WARN_UNUSED_VARIABLE = YES;
				LOCALIZATION_PREFERS_STRING_CATALOGS = YES;
				MTL_ENABLE_DEBUG_INFO = NO;
				MTL_FAST_MATH = YES;
				SWIFT_COMPILATION_MODE = wholemodule;
			};
			name = Release;
		};
		F85ACB4B2B88616200FF3C82 /* Debug */ = {
			isa = XCBuildConfiguration;
			buildSettings = {
				ASSETCATALOG_COMPILER_APPICON_NAME = AppIcon;
				ASSETCATALOG_COMPILER_GLOBAL_ACCENT_COLOR_NAME = AccentColor;
				CODE_SIGN_ENTITLEMENTS = "Emoji App/Emoji_App.entitlements";
				CODE_SIGN_STYLE = Automatic;
				CURRENT_PROJECT_VERSION = 1;
				DEVELOPMENT_ASSET_PATHS = "\"Emoji App/Preview Content\"";
				ENABLE_PREVIEWS = YES;
				GENERATE_INFOPLIST_FILE = YES;
				"INFOPLIST_KEY_UIApplicationSceneManifest_Generation[sdk=iphoneos*]" = YES;
				"INFOPLIST_KEY_UIApplicationSceneManifest_Generation[sdk=iphonesimulator*]" = YES;
				"INFOPLIST_KEY_UIApplicationSupportsIndirectInputEvents[sdk=iphoneos*]" = YES;
				"INFOPLIST_KEY_UIApplicationSupportsIndirectInputEvents[sdk=iphonesimulator*]" = YES;
				"INFOPLIST_KEY_UILaunchScreen_Generation[sdk=iphoneos*]" = YES;
				"INFOPLIST_KEY_UILaunchScreen_Generation[sdk=iphonesimulator*]" = YES;
				"INFOPLIST_KEY_UIStatusBarStyle[sdk=iphoneos*]" = UIStatusBarStyleDefault;
				"INFOPLIST_KEY_UIStatusBarStyle[sdk=iphonesimulator*]" = UIStatusBarStyleDefault;
				INFOPLIST_KEY_UISupportedInterfaceOrientations_iPad = "UIInterfaceOrientationPortrait UIInterfaceOrientationPortraitUpsideDown UIInterfaceOrientationLandscapeLeft UIInterfaceOrientationLandscapeRight";
				INFOPLIST_KEY_UISupportedInterfaceOrientations_iPhone = "UIInterfaceOrientationPortrait UIInterfaceOrientationLandscapeLeft UIInterfaceOrientationLandscapeRight";
				IPHONEOS_DEPLOYMENT_TARGET = 17.2;
				LD_RUNPATH_SEARCH_PATHS = "@executable_path/Frameworks";
				"LD_RUNPATH_SEARCH_PATHS[sdk=macosx*]" = "@executable_path/../Frameworks";
				MACOSX_DEPLOYMENT_TARGET = 14.2;
				MARKETING_VERSION = 1.0;
				PRODUCT_BUNDLE_IDENTIFIER = "Parsa.com.Emoji-App";
				PRODUCT_NAME = "$(TARGET_NAME)";
				SDKROOT = auto;
				SUPPORTED_PLATFORMS = "iphoneos iphonesimulator macosx";
				SWIFT_EMIT_LOC_STRINGS = YES;
				SWIFT_VERSION = 5.0;
				TARGETED_DEVICE_FAMILY = "1,2";
			};
			name = Debug;
		};
		F85ACB4C2B88616200FF3C82 /* Release */ = {
			isa = XCBuildConfiguration;
			buildSettings = {
				ASSETCATALOG_COMPILER_APPICON_NAME = AppIcon;
				ASSETCATALOG_COMPILER_GLOBAL_ACCENT_COLOR_NAME = AccentColor;
				CODE_SIGN_ENTITLEMENTS = "Emoji App/Emoji_App.entitlements";
				CODE_SIGN_STYLE = Automatic;
				CURRENT_PROJECT_VERSION = 1;
				DEVELOPMENT_ASSET_PATHS = "\"Emoji App/Preview Content\"";
				ENABLE_PREVIEWS = YES;
				GENERATE_INFOPLIST_FILE = YES;
				"INFOPLIST_KEY_UIApplicationSceneManifest_Generation[sdk=iphoneos*]" = YES;
				"INFOPLIST_KEY_UIApplicationSceneManifest_Generation[sdk=iphonesimulator*]" = YES;
				"INFOPLIST_KEY_UIApplicationSupportsIndirectInputEvents[sdk=iphoneos*]" = YES;
				"INFOPLIST_KEY_UIApplicationSupportsIndirectInputEvents[sdk=iphonesimulator*]" = YES;
				"INFOPLIST_KEY_UILaunchScreen_Generation[sdk=iphoneos*]" = YES;
				"INFOPLIST_KEY_UILaunchScreen_Generation[sdk=iphonesimulator*]" = YES;
				"INFOPLIST_KEY_UIStatusBarStyle[sdk=iphoneos*]" = UIStatusBarStyleDefault;
				"INFOPLIST_KEY_UIStatusBarStyle[sdk=iphonesimulator*]" = UIStatusBarStyleDefault;
				INFOPLIST_KEY_UISupportedInterfaceOrientations_iPad = "UIInterfaceOrientationPortrait UIInterfaceOrientationPortraitUpsideDown UIInterfaceOrientationLandscapeLeft UIInterfaceOrientationLandscapeRight";
				INFOPLIST_KEY_UISupportedInterfaceOrientations_iPhone = "UIInterfaceOrientationPortrait UIInterfaceOrientationLandscapeLeft UIInterfaceOrientationLandscapeRight";
				IPHONEOS_DEPLOYMENT_TARGET = 17.2;
				LD_RUNPATH_SEARCH_PATHS = "@executable_path/Frameworks";
				"LD_RUNPATH_SEARCH_PATHS[sdk=macosx*]" = "@executable_path/../Frameworks";
				MACOSX_DEPLOYMENT_TARGET = 14.2;
				MARKETING_VERSION = 1.0;
				PRODUCT_BUNDLE_IDENTIFIER = "Parsa.com.Emoji-App";
				PRODUCT_NAME = "$(TARGET_NAME)";
				SDKROOT = auto;
				SUPPORTED_PLATFORMS = "iphoneos iphonesimulator macosx";
				SWIFT_EMIT_LOC_STRINGS = YES;
				SWIFT_VERSION = 5.0;
				TARGETED_DEVICE_FAMILY = "1,2";
			};
			name = Release;
		};
		F85ACB4E2B88616200FF3C82 /* Debug */ = {
			isa = XCBuildConfiguration;
			buildSettings = {
				ALWAYS_EMBED_SWIFT_STANDARD_LIBRARIES = YES;
				BUNDLE_LOADER = "$(TEST_HOST)";
				CODE_SIGN_STYLE = Automatic;
				CURRENT_PROJECT_VERSION = 1;
				GENERATE_INFOPLIST_FILE = YES;
				IPHONEOS_DEPLOYMENT_TARGET = 17.2;
				MACOSX_DEPLOYMENT_TARGET = 14.2;
				MARKETING_VERSION = 1.0;
				PRODUCT_BUNDLE_IDENTIFIER = "Parsa.com.Emoji-AppTests";
				PRODUCT_NAME = "$(TARGET_NAME)";
				SDKROOT = auto;
				SUPPORTED_PLATFORMS = "iphoneos iphonesimulator macosx";
				SWIFT_EMIT_LOC_STRINGS = NO;
				SWIFT_VERSION = 5.0;
				TARGETED_DEVICE_FAMILY = "1,2";
				TEST_HOST = "$(BUILT_PRODUCTS_DIR)/Emoji App.app/$(BUNDLE_EXECUTABLE_FOLDER_PATH)/Emoji App";
			};
			name = Debug;
		};
		F85ACB4F2B88616200FF3C82 /* Release */ = {
			isa = XCBuildConfiguration;
			buildSettings = {
				ALWAYS_EMBED_SWIFT_STANDARD_LIBRARIES = YES;
				BUNDLE_LOADER = "$(TEST_HOST)";
				CODE_SIGN_STYLE = Automatic;
				CURRENT_PROJECT_VERSION = 1;
				GENERATE_INFOPLIST_FILE = YES;
				IPHONEOS_DEPLOYMENT_TARGET = 17.2;
				MACOSX_DEPLOYMENT_TARGET = 14.2;
				MARKETING_VERSION = 1.0;
				PRODUCT_BUNDLE_IDENTIFIER = "Parsa.com.Emoji-AppTests";
				PRODUCT_NAME = "$(TARGET_NAME)";
				SDKROOT = auto;
				SUPPORTED_PLATFORMS = "iphoneos iphonesimulator macosx";
				SWIFT_EMIT_LOC_STRINGS = NO;
				SWIFT_VERSION = 5.0;
				TARGETED_DEVICE_FAMILY = "1,2";
				TEST_HOST = "$(BUILT_PRODUCTS_DIR)/Emoji App.app/$(BUNDLE_EXECUTABLE_FOLDER_PATH)/Emoji App";
			};
			name = Release;
		};
		F85ACB512B88616200FF3C82 /* Debug */ = {
			isa = XCBuildConfiguration;
			buildSettings = {
				ALWAYS_EMBED_SWIFT_STANDARD_LIBRARIES = YES;
				CODE_SIGN_STYLE = Automatic;
				CURRENT_PROJECT_VERSION = 1;
				GENERATE_INFOPLIST_FILE = YES;
				IPHONEOS_DEPLOYMENT_TARGET = 17.2;
				MACOSX_DEPLOYMENT_TARGET = 14.2;
				MARKETING_VERSION = 1.0;
				PRODUCT_BUNDLE_IDENTIFIER = "Parsa.com.Emoji-AppUITests";
				PRODUCT_NAME = "$(TARGET_NAME)";
				SDKROOT = auto;
				SUPPORTED_PLATFORMS = "iphoneos iphonesimulator macosx";
				SWIFT_EMIT_LOC_STRINGS = NO;
				SWIFT_VERSION = 5.0;
				TARGETED_DEVICE_FAMILY = "1,2";
				TEST_TARGET_NAME = "Emoji App";
			};
			name = Debug;
		};
		F85ACB522B88616200FF3C82 /* Release */ = {
			isa = XCBuildConfiguration;
			buildSettings = {
				ALWAYS_EMBED_SWIFT_STANDARD_LIBRARIES = YES;
				CODE_SIGN_STYLE = Automatic;
				CURRENT_PROJECT_VERSION = 1;
				GENERATE_INFOPLIST_FILE = YES;
				IPHONEOS_DEPLOYMENT_TARGET = 17.2;
				MACOSX_DEPLOYMENT_TARGET = 14.2;
				MARKETING_VERSION = 1.0;
				PRODUCT_BUNDLE_IDENTIFIER = "Parsa.com.Emoji-AppUITests";
				PRODUCT_NAME = "$(TARGET_NAME)";
				SDKROOT = auto;
				SUPPORTED_PLATFORMS = "iphoneos iphonesimulator macosx";
				SWIFT_EMIT_LOC_STRINGS = NO;
				SWIFT_VERSION = 5.0;
				TARGETED_DEVICE_FAMILY = "1,2";
				TEST_TARGET_NAME = "Emoji App";
			};
			name = Release;
		};
/* End XCBuildConfiguration section */

/* Begin XCConfigurationList section */
		F85ACB202B88616000FF3C82 /* Build configuration list for PBXProject "Emoji App" */ = {
			isa = XCConfigurationList;
			buildConfigurations = (
				F85ACB482B88616200FF3C82 /* Debug */,
				F85ACB492B88616200FF3C82 /* Release */,
			);
			defaultConfigurationIsVisible = 0;
			defaultConfigurationName = Release;
		};
		F85ACB4A2B88616200FF3C82 /* Build configuration list for PBXNativeTarget "Emoji App" */ = {
			isa = XCConfigurationList;
			buildConfigurations = (
				F85ACB4B2B88616200FF3C82 /* Debug */,
				F85ACB4C2B88616200FF3C82 /* Release */,
			);
			defaultConfigurationIsVisible = 0;
			defaultConfigurationName = Release;
		};
		F85ACB4D2B88616200FF3C82 /* Build configuration list for PBXNativeTarget "Emoji AppTests" */ = {
			isa = XCConfigurationList;
			buildConfigurations = (
				F85ACB4E2B88616200FF3C82 /* Debug */,
				F85ACB4F2B88616200FF3C82 /* Release */,
			);
			defaultConfigurationIsVisible = 0;
			defaultConfigurationName = Release;
		};
		F85ACB502B88616200FF3C82 /* Build configuration list for PBXNativeTarget "Emoji AppUITests" */ = {
			isa = XCConfigurationList;
			buildConfigurations = (
				F85ACB512B88616200FF3C82 /* Debug */,
				F85ACB522B88616200FF3C82 /* Release */,
			);
			defaultConfigurationIsVisible = 0;
			defaultConfigurationName = Release;
		};
/* End XCConfigurationList section */
	};
	rootObject = F85ACB1D2B88616000FF3C82 /* Project object */;
}
